
Microsoft Visual Studio Solution File, Format Version 12.00
# Visual Studio Version 16
VisualStudioVersion = 16.0.31105.61
MinimumVisualStudioVersion = 10.0.40219.1
Project("{FAE04EC0-301F-11D3-BF4B-00C04F79EFBC}") = "Lab5.1.RPG", "Lab5.1.RPG\Lab5.1.RPG.csproj", "{48EDBC26-4E3E-48EF-9171-2256F562D598}"
EndProject
Global
	GlobalSection(SolutionConfigurationPlatforms) = preSolution
		Debug|Any CPU = Debug|Any CPU
		Release|Any CPU = Release|Any CPU
	EndGlobalSection
	GlobalSection(ProjectConfigurationPlatforms) = postSolution
		{48EDBC26-4E3E-48EF-9171-2256F562D598}.Debug|Any CPU.ActiveCfg = Debug|Any CPU
		{48EDBC26-4E3E-48EF-9171-2256F562D598}.Debug|Any CPU.Build.0 = Debug|Any CPU
		{48EDBC26-4E3E-48EF-9171-2256F562D598}.Release|Any CPU.ActiveCfg = Release|Any CPU
		{48EDBC26-4E3E-48EF-9171-2256F562D598}.Release|Any CPU.Build.0 = Release|Any CPU
	EndGlobalSection
	GlobalSection(SolutionProperties) = preSolution
		HideSolutionNode = FALSE
	EndGlobalSection
	GlobalSection(ExtensibilityGlobals) = postSolution
		SolutionGuid = {6E03D204-2975-4F8D-B4EB-2585FB7634C3}
	EndGlobalSection
EndGlobal
